
Microsoft Visual Studio Solution File, Format Version 12.00
# Visual Studio Version 16
VisualStudioVersion = 16.0.28803.156
MinimumVisualStudioVersion = 15.0.26124.0
Project("{9A19103F-16F7-4668-BE54-9A1E7A4F7556}") = "Secrets", "src\Secrets.csproj", "{FDAC9937-A8F8-4031-A9EF-5AEA0F0CB111}"
EndProject
Global
	GlobalSection(SolutionConfigurationPlatforms) = preSolution
		Debug|Any CPU = Debug|Any CPU
		Debug|x64 = Debug|x64
		Debug|x86 = Debug|x86
		Release|Any CPU = Release|Any CPU
		Release|x64 = Release|x64
		Release|x86 = Release|x86
	EndGlobalSection
	GlobalSection(ProjectConfigurationPlatforms) = postSolution
		{FDAC9937-A8F8-4031-A9EF-5AEA0F0CB111}.Debug|Any CPU.ActiveCfg = Debug|Any CPU
		{FDAC9937-A8F8-4031-A9EF-5AEA0F0CB111}.Debug|Any CPU.Build.0 = Debug|Any CPU
		{FDAC9937-A8F8-4031-A9EF-5AEA0F0CB111}.Debug|x64.ActiveCfg = Debug|Any CPU
		{FDAC9937-A8F8-4031-A9EF-5AEA0F0CB111}.Debug|x64.Build.0 = Debug|Any CPU
		{FDAC9937-A8F8-4031-A9EF-5AEA0F0CB111}.Debug|x86.ActiveCfg = Debug|Any CPU
		{FDAC9937-A8F8-4031-A9EF-5AEA0F0CB111}.Debug|x86.Build.0 = Debug|Any CPU
		{FDAC9937-A8F8-4031-A9EF-5AEA0F0CB111}.Release|Any CPU.ActiveCfg = Release|Any CPU
		{FDAC9937-A8F8-4031-A9EF-5AEA0F0CB111}.Release|Any CPU.Build.0 = Release|Any CPU
		{FDAC9937-A8F8-4031-A9EF-5AEA0F0CB111}.Release|x64.ActiveCfg = Release|Any CPU
		{FDAC9937-A8F8-4031-A9EF-5AEA0F0CB111}.Release|x64.Build.0 = Release|Any CPU
		{FDAC9937-A8F8-4031-A9EF-5AEA0F0CB111}.Release|x86.ActiveCfg = Release|Any CPU
		{FDAC9937-A8F8-4031-A9EF-5AEA0F0CB111}.Release|x86.Build.0 = Release|Any CPU
	EndGlobalSection
	GlobalSection(SolutionProperties) = preSolution
		HideSolutionNode = FALSE
	EndGlobalSection
	GlobalSection(ExtensibilityGlobals) = postSolution
		SolutionGuid = {4ED6C6A7-8643-4CA5-9825-32D718CB6DBA}
	EndGlobalSection
EndGlobal
